
Microsoft Visual Studio Solution File, Format Version 12.00
# Visual Studio Version 17
VisualStudioVersion = 17.14.36408.4
MinimumVisualStudioVersion = 10.0.40219.1
Project("{FAE04EC0-301F-11D3-BF4B-00C04F79EFBC}") = "LegislacionAPP", "LegislacionAPP.csproj", "{0466FEB2-C3CC-45EE-B033-32D961AF81EA}"
EndProject
Global
	GlobalSection(SolutionConfigurationPlatforms) = preSolution
		Debug|Any CPU = Debug|Any CPU
		Release|Any CPU = Release|Any CPU
	EndGlobalSection
	GlobalSection(ProjectConfigurationPlatforms) = postSolution
		{0466FEB2-C3CC-45EE-B033-32D961AF81EA}.Debug|Any CPU.ActiveCfg = Debug|Any CPU
		{0466FEB2-C3CC-45EE-B033-32D961AF81EA}.Debug|Any CPU.Build.0 = Debug|Any CPU
		{0466FEB2-C3CC-45EE-B033-32D961AF81EA}.Release|Any CPU.ActiveCfg = Release|Any CPU
		{0466FEB2-C3CC-45EE-B033-32D961AF81EA}.Release|Any CPU.Build.0 = Release|Any CPU
	EndGlobalSection
	GlobalSection(SolutionProperties) = preSolution
		HideSolutionNode = FALSE
	EndGlobalSection
	GlobalSection(ExtensibilityGlobals) = postSolution
		SolutionGuid = {414864B1-7258-4723-B9F7-9C251572DCA0}
	EndGlobalSection
EndGlobal
